
Microsoft Visual Studio Solution File, Format Version 12.00
# Visual Studio 15
VisualStudioVersion = 15.0.28307.329
MinimumVisualStudioVersion = 10.0.40219.1
Project("{FAE04EC0-301F-11D3-BF4B-00C04F79EFBC}") = "Intro_Programming_Challenge_1 - 102698672", "Intro_Programming_Challenge_1 - 102698672\Intro_Programming_Challenge_1 - 102698672.csproj", "{AACE6618-AB3E-4565-8C4C-4041451180B8}"
EndProject
Global
	GlobalSection(SolutionConfigurationPlatforms) = preSolution
		Debug|Any CPU = Debug|Any CPU
		Release|Any CPU = Release|Any CPU
	EndGlobalSection
	GlobalSection(ProjectConfigurationPlatforms) = postSolution
		{AACE6618-AB3E-4565-8C4C-4041451180B8}.Debug|Any CPU.ActiveCfg = Debug|Any CPU
		{AACE6618-AB3E-4565-8C4C-4041451180B8}.Debug|Any CPU.Build.0 = Debug|Any CPU
		{AACE6618-AB3E-4565-8C4C-4041451180B8}.Release|Any CPU.ActiveCfg = Release|Any CPU
		{AACE6618-AB3E-4565-8C4C-4041451180B8}.Release|Any CPU.Build.0 = Release|Any CPU
	EndGlobalSection
	GlobalSection(SolutionProperties) = preSolution
		HideSolutionNode = FALSE
	EndGlobalSection
	GlobalSection(ExtensibilityGlobals) = postSolution
		SolutionGuid = {7B7BAB74-4518-4025-80D5-81FC20DA9C5A}
	EndGlobalSection
EndGlobal
